{
  "version": 1,
  "dependencies": {
    "net10.0-windows7.0": {
      "Dalamud.NET.Sdk": {
        "type": "Direct",
        "requested": "[14.0.2, )",
        "resolved": "14.0.2",
        "contentHash": "q4abKFLm1b5m+nygIDbPOTMcyb2C1jKMycWD8ryk/hC+1ttrGF9pMvxJbvLfGEFU0YVHpOtV4H6Vr5gkI9HooQ=="
      },
      "DalamudPackager": {
        "type": "Direct",
        "requested": "[14.0.2, )",
        "resolved": "14.0.2",
        "contentHash": "dQJeq+8eyHzra4Cg5eZ/3LAeS3/UpvvLriYJGSncMK9LqJ7Q4B6jwcOsxo3PfxVd15xj+IzVFxkPqIBmPQu8/w=="
      },
      "DotNet.ReproducibleBuilds": {
        "type": "Direct",
        "requested": "[1.2.39, )",
        "resolved": "1.2.39",
        "contentHash": "fcFN01tDTIQqDuTwr1jUQK/geofiwjG5DycJQOnC72i1SsLAk1ELe+apBOuZ11UMQG8YKFZG1FgvjZPbqHyatg=="
      },
      "ECommons": {
        "type": "Direct",
        "requested": "[2.3.0, )",
        "resolved": "2.3.0",
        "contentHash": "aNM7pAkior3Y0viQQCEh4L9fgkK0Yd+4lypzn4x0+2weivBkgKWy03Jry0Has/PZeYfJNUsMtuq4n45L5KC07w=="
      },
      "ImGui.NET": {
        "type": "Direct",
        "requested": "[1.87.2, )",
        "resolved": "1.87.2",
        "contentHash": "R9CmXj/0220nOfKKgxNQwvy5tAnSlfSKNSLaUPe/0vngjDCxgCoxNVgnf3nXbbI80zzwCwatEoEUTVRcxwsqHA=="
      }
    }
  }
}